
Microsoft Visual Studio Solution File, Format Version 12.00
# Visual Studio Version 17
VisualStudioVersion = 17.3.32901.215
MinimumVisualStudioVersion = 10.0.40219.1
Project("{FAE04EC0-301F-11D3-BF4B-00C04F79EFBC}") = "Курсач3", "Курсач3\Курсач3.csproj", "{066E5EAB-9E99-422B-B678-F51668E351F9}"
EndProject
Global
	GlobalSection(SolutionConfigurationPlatforms) = preSolution
		Debug|Any CPU = Debug|Any CPU
		Release|Any CPU = Release|Any CPU
	EndGlobalSection
	GlobalSection(ProjectConfigurationPlatforms) = postSolution
		{066E5EAB-9E99-422B-B678-F51668E351F9}.Debug|Any CPU.ActiveCfg = Debug|Any CPU
		{066E5EAB-9E99-422B-B678-F51668E351F9}.Debug|Any CPU.Build.0 = Debug|Any CPU
		{066E5EAB-9E99-422B-B678-F51668E351F9}.Release|Any CPU.ActiveCfg = Release|Any CPU
		{066E5EAB-9E99-422B-B678-F51668E351F9}.Release|Any CPU.Build.0 = Release|Any CPU
	EndGlobalSection
	GlobalSection(SolutionProperties) = preSolution
		HideSolutionNode = FALSE
	EndGlobalSection
	GlobalSection(ExtensibilityGlobals) = postSolution
		SolutionGuid = {99BDA5FB-F62A-4BD9-BE96-010141FA985B}
	EndGlobalSection
EndGlobal
